// !$*UTF8*$!
{
	archiveVersion = 1;
	classes = {
	};
	objectVersion = 56;
	objects = {

/* Begin PBXBuildFile section */
		1011F2F52B35B2A300B06B91 /* Restaurant.swift in Sources */ = {isa = PBXBuildFile; fileRef = 1011F2F42B35B2A300B06B91 /* Restaurant.swift */; };
		1011F2FB2B35C0C500B06B91 /* RestaurantDiffableDataSource.swift in Sources */ = {isa = PBXBuildFile; fileRef = 1011F2FA2B35C0C500B06B91 /* RestaurantDiffableDataSource.swift */; };
		101314C32B387AF600982559 /* RestaurantDetailHeaderView.swift in Sources */ = {isa = PBXBuildFile; fileRef = 101314C22B387AF600982559 /* RestaurantDetailHeaderView.swift */; };
		10496F792B3755A6006D55DB /* RestaurantDetailViewController.swift in Sources */ = {isa = PBXBuildFile; fileRef = 10496F782B3755A6006D55DB /* RestaurantDetailViewController.swift */; };
		10A900002B31CB9000CC7910 /* Assets.xcassets in Resources */ = {isa = PBXBuildFile; fileRef = 10A9FFFF2B31CB9000CC7910 /* Assets.xcassets */; };
		10A900032B31CB9000CC7910 /* LaunchScreen.storyboard in Resources */ = {isa = PBXBuildFile; fileRef = 10A900012B31CB9000CC7910 /* LaunchScreen.storyboard */; };
		10A9000B2B31CD1500CC7910 /* RestaurantTableViewController.swift in Sources */ = {isa = PBXBuildFile; fileRef = 10A9000A2B31CD1500CC7910 /* RestaurantTableViewController.swift */; };
		10A9000D2B31D7D600CC7910 /* RestaurantTableViewCell.swift in Sources */ = {isa = PBXBuildFile; fileRef = 10A9000C2B31D7D600CC7910 /* RestaurantTableViewCell.swift */; };
		10A9FFF72B31CB8F00CC7910 /* AppDelegate.swift in Sources */ = {isa = PBXBuildFile; fileRef = 10A9FFF62B31CB8F00CC7910 /* AppDelegate.swift */; };
		10A9FFF92B31CB8F00CC7910 /* SceneDelegate.swift in Sources */ = {isa = PBXBuildFile; fileRef = 10A9FFF82B31CB8F00CC7910 /* SceneDelegate.swift */; };
		10A9FFFE2B31CB8F00CC7910 /* Main.storyboard in Resources */ = {isa = PBXBuildFile; fileRef = 10A9FFFC2B31CB8F00CC7910 /* Main.storyboard */; };
		10E48EA22B38879600DD0BE2 /* Nunito-Bold.ttf in Resources */ = {isa = PBXBuildFile; fileRef = 10E48EA02B38874C00DD0BE2 /* Nunito-Bold.ttf */; };
		10E48EA32B38879600DD0BE2 /* Nunito-Regular.ttf in Resources */ = {isa = PBXBuildFile; fileRef = 10E48EA12B38874C00DD0BE2 /* Nunito-Regular.ttf */; };
		10E48EA52B38C20000DD0BE2 /* RestaurantDetailTextCell.swift in Sources */ = {isa = PBXBuildFile; fileRef = 10E48EA42B38C20000DD0BE2 /* RestaurantDetailTextCell.swift */; };
		10E48EA72B38C56400DD0BE2 /* RestaurantDetailTwoColumnCell.swift in Sources */ = {isa = PBXBuildFile; fileRef = 10E48EA62B38C56400DD0BE2 /* RestaurantDetailTwoColumnCell.swift */; };
		10FA96FA2B397BE4002F7B5A /* UIColor+Ext.swift in Sources */ = {isa = PBXBuildFile; fileRef = 10FA96F92B397BE4002F7B5A /* UIColor+Ext.swift */; };
		10FA96FC2B399357002F7B5A /* NavigationController.swift in Sources */ = {isa = PBXBuildFile; fileRef = 10FA96FB2B399357002F7B5A /* NavigationController.swift */; };
/* End PBXBuildFile section */

/* Begin PBXFileReference section */
		1011F2F42B35B2A300B06B91 /* Restaurant.swift */ = {isa = PBXFileReference; lastKnownFileType = sourcecode.swift; path = Restaurant.swift; sourceTree = "<group>"; };
		1011F2FA2B35C0C500B06B91 /* RestaurantDiffableDataSource.swift */ = {isa = PBXFileReference; lastKnownFileType = sourcecode.swift; path = RestaurantDiffableDataSource.swift; sourceTree = "<group>"; };
		101314C22B387AF600982559 /* RestaurantDetailHeaderView.swift */ = {isa = PBXFileReference; lastKnownFileType = sourcecode.swift; path = RestaurantDetailHeaderView.swift; sourceTree = "<group>"; };
		10496F782B3755A6006D55DB /* RestaurantDetailViewController.swift */ = {isa = PBXFileReference; lastKnownFileType = sourcecode.swift; path = RestaurantDetailViewController.swift; sourceTree = "<group>"; };
		10A900022B31CB9000CC7910 /* Base */ = {isa = PBXFileReference; lastKnownFileType = file.storyboard; name = Base; path = Base.lproj/LaunchScreen.storyboard; sourceTree = "<group>"; };
		10A900042B31CB9000CC7910 /* Info.plist */ = {isa = PBXFileReference; lastKnownFileType = text.plist.xml; path = Info.plist; sourceTree = "<group>"; };
		10A9000A2B31CD1500CC7910 /* RestaurantTableViewController.swift */ = {isa = PBXFileReference; lastKnownFileType = sourcecode.swift; path = RestaurantTableViewController.swift; sourceTree = "<group>"; };
		10A9000C2B31D7D600CC7910 /* RestaurantTableViewCell.swift */ = {isa = PBXFileReference; lastKnownFileType = sourcecode.swift; path = RestaurantTableViewCell.swift; sourceTree = "<group>"; };
		10A9FFF32B31CB8F00CC7910 /* FoodPin.app */ = {isa = PBXFileReference; explicitFileType = wrapper.application; includeInIndex = 0; path = FoodPin.app; sourceTree = BUILT_PRODUCTS_DIR; };
		10A9FFF62B31CB8F00CC7910 /* AppDelegate.swift */ = {isa = PBXFileReference; lastKnownFileType = sourcecode.swift; path = AppDelegate.swift; sourceTree = "<group>"; };
		10A9FFF82B31CB8F00CC7910 /* SceneDelegate.swift */ = {isa = PBXFileReference; lastKnownFileType = sourcecode.swift; path = SceneDelegate.swift; sourceTree = "<group>"; };
		10A9FFFD2B31CB8F00CC7910 /* Base */ = {isa = PBXFileReference; lastKnownFileType = file.storyboard; name = Base; path = Base.lproj/Main.storyboard; sourceTree = "<group>"; };
		10A9FFFF2B31CB9000CC7910 /* Assets.xcassets */ = {isa = PBXFileReference; lastKnownFileType = folder.assetcatalog; path = Assets.xcassets; sourceTree = "<group>"; };
		10E48EA02B38874C00DD0BE2 /* Nunito-Bold.ttf */ = {isa = PBXFileReference; lastKnownFileType = file; path = "Nunito-Bold.ttf"; sourceTree = "<group>"; };
		10E48EA12B38874C00DD0BE2 /* Nunito-Regular.ttf */ = {isa = PBXFileReference; lastKnownFileType = file; path = "Nunito-Regular.ttf"; sourceTree = "<group>"; };
		10E48EA42B38C20000DD0BE2 /* RestaurantDetailTextCell.swift */ = {isa = PBXFileReference; lastKnownFileType = sourcecode.swift; path = RestaurantDetailTextCell.swift; sourceTree = "<group>"; };
		10E48EA62B38C56400DD0BE2 /* RestaurantDetailTwoColumnCell.swift */ = {isa = PBXFileReference; lastKnownFileType = sourcecode.swift; path = RestaurantDetailTwoColumnCell.swift; sourceTree = "<group>"; };
		10FA96F92B397BE4002F7B5A /* UIColor+Ext.swift */ = {isa = PBXFileReference; lastKnownFileType = sourcecode.swift; path = "UIColor+Ext.swift"; sourceTree = "<group>"; };
		10FA96FB2B399357002F7B5A /* NavigationController.swift */ = {isa = PBXFileReference; lastKnownFileType = sourcecode.swift; path = NavigationController.swift; sourceTree = "<group>"; };
/* End PBXFileReference section */

/* Begin PBXFrameworksBuildPhase section */
		10A9FFF02B31CB8F00CC7910 /* Frameworks */ = {
			isa = PBXFrameworksBuildPhase;
			buildActionMask = 2147483647;
			files = (
			);
			runOnlyForDeploymentPostprocessing = 0;
		};
/* End PBXFrameworksBuildPhase section */

/* Begin PBXGroup section */
		1011F2F62B35B9AD00B06B91 /* Model */ = {
			isa = PBXGroup;
			children = (
				1011F2F42B35B2A300B06B91 /* Restaurant.swift */,
				1011F2FA2B35C0C500B06B91 /* RestaurantDiffableDataSource.swift */,
			);
			path = Model;
			sourceTree = "<group>";
		};
		1011F2F72B35B9B700B06B91 /* View */ = {
			isa = PBXGroup;
			children = (
				10A9000C2B31D7D600CC7910 /* RestaurantTableViewCell.swift */,
				101314C22B387AF600982559 /* RestaurantDetailHeaderView.swift */,
				10E48EA42B38C20000DD0BE2 /* RestaurantDetailTextCell.swift */,
				10E48EA62B38C56400DD0BE2 /* RestaurantDetailTwoColumnCell.swift */,
			);
			path = View;
			sourceTree = "<group>";
		};
		1011F2F82B35B9BE00B06B91 /* Controller */ = {
			isa = PBXGroup;
			children = (
				10A9000A2B31CD1500CC7910 /* RestaurantTableViewController.swift */,
				10496F782B3755A6006D55DB /* RestaurantDetailViewController.swift */,
				10FA96FB2B399357002F7B5A /* NavigationController.swift */,
			);
			path = Controller;
			sourceTree = "<group>";
		};
		1011F2F92B35B9CC00B06B91 /* Storyboard */ = {
			isa = PBXGroup;
			children = (
				10A9FFFC2B31CB8F00CC7910 /* Main.storyboard */,
				10A900012B31CB9000CC7910 /* LaunchScreen.storyboard */,
			);
			path = Storyboard;
			sourceTree = "<group>";
		};
		101314BC2B38752B00982559 /* Resources */ = {
			isa = PBXGroup;
			children = (
				101314BD2B38754200982559 /* Fonts */,
			);
			path = Resources;
			sourceTree = "<group>";
		};
		101314BD2B38754200982559 /* Fonts */ = {
			isa = PBXGroup;
			children = (
				10E48EA02B38874C00DD0BE2 /* Nunito-Bold.ttf */,
				10E48EA12B38874C00DD0BE2 /* Nunito-Regular.ttf */,
			);
			path = Fonts;
			sourceTree = "<group>";
		};
		10A9FFEA2B31CB8F00CC7910 = {
			isa = PBXGroup;
			children = (
				10A9FFF52B31CB8F00CC7910 /* FoodPin */,
				10A9FFF42B31CB8F00CC7910 /* Products */,
			);
			sourceTree = "<group>";
		};
		10A9FFF42B31CB8F00CC7910 /* Products */ = {
			isa = PBXGroup;
			children = (
				10A9FFF32B31CB8F00CC7910 /* FoodPin.app */,
			);
			name = Products;
			sourceTree = "<group>";
		};
		10A9FFF52B31CB8F00CC7910 /* FoodPin */ = {
			isa = PBXGroup;
			children = (
				10FA96F82B397BAB002F7B5A /* Extensions */,
				101314BC2B38752B00982559 /* Resources */,
				1011F2F62B35B9AD00B06B91 /* Model */,
				1011F2F72B35B9B700B06B91 /* View */,
				1011F2F82B35B9BE00B06B91 /* Controller */,
				1011F2F92B35B9CC00B06B91 /* Storyboard */,
				10A9FFF62B31CB8F00CC7910 /* AppDelegate.swift */,
				10A9FFF82B31CB8F00CC7910 /* SceneDelegate.swift */,
				10A9FFFF2B31CB9000CC7910 /* Assets.xcassets */,
				10A900042B31CB9000CC7910 /* Info.plist */,
			);
			path = FoodPin;
			sourceTree = "<group>";
		};
		10FA96F82B397BAB002F7B5A /* Extensions */ = {
			isa = PBXGroup;
			children = (
				10FA96F92B397BE4002F7B5A /* UIColor+Ext.swift */,
			);
			path = Extensions;
			sourceTree = "<group>";
		};
/* End PBXGroup section */

/* Begin PBXNativeTarget section */
		10A9FFF22B31CB8F00CC7910 /* FoodPin */ = {
			isa = PBXNativeTarget;
			buildConfigurationList = 10A900072B31CB9000CC7910 /* Build configuration list for PBXNativeTarget "FoodPin" */;
			buildPhases = (
				10A9FFEF2B31CB8F00CC7910 /* Sources */,
				10A9FFF02B31CB8F00CC7910 /* Frameworks */,
				10A9FFF12B31CB8F00CC7910 /* Resources */,
			);
			buildRules = (
			);
			dependencies = (
			);
			name = FoodPin;
			productName = FoodPin;
			productReference = 10A9FFF32B31CB8F00CC7910 /* FoodPin.app */;
			productType = "com.apple.product-type.application";
		};
/* End PBXNativeTarget section */

/* Begin PBXProject section */
		10A9FFEB2B31CB8F00CC7910 /* Project object */ = {
			isa = PBXProject;
			attributes = {
				BuildIndependentTargetsInParallel = 1;
				LastSwiftUpdateCheck = 1510;
				LastUpgradeCheck = 1510;
				TargetAttributes = {
					10A9FFF22B31CB8F00CC7910 = {
						CreatedOnToolsVersion = 15.1;
					};
				};
			};
			buildConfigurationList = 10A9FFEE2B31CB8F00CC7910 /* Build configuration list for PBXProject "FoodPin" */;
			compatibilityVersion = "Xcode 14.0";
			developmentRegion = en;
			hasScannedForEncodings = 0;
			knownRegions = (
				en,
				Base,
			);
			mainGroup = 10A9FFEA2B31CB8F00CC7910;
			productRefGroup = 10A9FFF42B31CB8F00CC7910 /* Products */;
			projectDirPath = "";
			projectRoot = "";
			targets = (
				10A9FFF22B31CB8F00CC7910 /* FoodPin */,
			);
		};
/* End PBXProject section */

/* Begin PBXResourcesBuildPhase section */
		10A9FFF12B31CB8F00CC7910 /* Resources */ = {
			isa = PBXResourcesBuildPhase;
			buildActionMask = 2147483647;
			files = (
				10E48EA32B38879600DD0BE2 /* Nunito-Regular.ttf in Resources */,
				10A900032B31CB9000CC7910 /* LaunchScreen.storyboard in Resources */,
				10A900002B31CB9000CC7910 /* Assets.xcassets in Resources */,
				10E48EA22B38879600DD0BE2 /* Nunito-Bold.ttf in Resources */,
				10A9FFFE2B31CB8F00CC7910 /* Main.storyboard in Resources */,
			);
			runOnlyForDeploymentPostprocessing = 0;
		};
/* End PBXResourcesBuildPhase section */

/* Begin PBXSourcesBuildPhase section */
		10A9FFEF2B31CB8F00CC7910 /* Sources */ = {
			isa = PBXSourcesBuildPhase;
			buildActionMask = 2147483647;
			files = (
				1011F2F52B35B2A300B06B91 /* Restaurant.swift in Sources */,
				10FA96FC2B399357002F7B5A /* NavigationController.swift in Sources */,
				10E48EA52B38C20000DD0BE2 /* RestaurantDetailTextCell.swift in Sources */,
				10A9000D2B31D7D600CC7910 /* RestaurantTableViewCell.swift in Sources */,
				10A9FFF72B31CB8F00CC7910 /* AppDelegate.swift in Sources */,
				10FA96FA2B397BE4002F7B5A /* UIColor+Ext.swift in Sources */,
				10E48EA72B38C56400DD0BE2 /* RestaurantDetailTwoColumnCell.swift in Sources */,
				10A9FFF92B31CB8F00CC7910 /* SceneDelegate.swift in Sources */,
				1011F2FB2B35C0C500B06B91 /* RestaurantDiffableDataSource.swift in Sources */,
				10496F792B3755A6006D55DB /* RestaurantDetailViewController.swift in Sources */,
				101314C32B387AF600982559 /* RestaurantDetailHeaderView.swift in Sources */,
				10A9000B2B31CD1500CC7910 /* RestaurantTableViewController.swift in Sources */,
			);
			runOnlyForDeploymentPostprocessing = 0;
		};
/* End PBXSourcesBuildPhase section */

/* Begin PBXVariantGroup section */
		10A900012B31CB9000CC7910 /* LaunchScreen.storyboard */ = {
			isa = PBXVariantGroup;
			children = (
				10A900022B31CB9000CC7910 /* Base */,
			);
			name = LaunchScreen.storyboard;
			sourceTree = "<group>";
		};
		10A9FFFC2B31CB8F00CC7910 /* Main.storyboard */ = {
			isa = PBXVariantGroup;
			children = (
				10A9FFFD2B31CB8F00CC7910 /* Base */,
			);
			name = Main.storyboard;
			sourceTree = "<group>";
		};
/* End PBXVariantGroup section */

/* Begin XCBuildConfiguration section */
		10A900052B31CB9000CC7910 /* Debug */ = {
			isa = XCBuildConfiguration;
			buildSettings = {
				ALWAYS_SEARCH_USER_PATHS = NO;
				ASSETCATALOG_COMPILER_GENERATE_SWIFT_ASSET_SYMBOL_EXTENSIONS = YES;
				CLANG_ANALYZER_NONNULL = YES;
				CLANG_ANALYZER_NUMBER_OBJECT_CONVERSION = YES_AGGRESSIVE;
				CLANG_CXX_LANGUAGE_STANDARD = "gnu++20";
				CLANG_ENABLE_MODULES = YES;
				CLANG_ENABLE_OBJC_ARC = YES;
				CLANG_ENABLE_OBJC_WEAK = YES;
				CLANG_WARN_BLOCK_CAPTURE_AUTORELEASING = YES;
				CLANG_WARN_BOOL_CONVERSION = YES;
				CLANG_WARN_COMMA = YES;
				CLANG_WARN_CONSTANT_CONVERSION = YES;
				CLANG_WARN_DEPRECATED_OBJC_IMPLEMENTATIONS = YES;
				CLANG_WARN_DIRECT_OBJC_ISA_USAGE = YES_ERROR;
				CLANG_WARN_DOCUMENTATION_COMMENTS = YES;
				CLANG_WARN_EMPTY_BODY = YES;
				CLANG_WARN_ENUM_CONVERSION = YES;
				CLANG_WARN_INFINITE_RECURSION = YES;
				CLANG_WARN_INT_CONVERSION = YES;
				CLANG_WARN_NON_LITERAL_NULL_CONVERSION = YES;
				CLANG_WARN_OBJC_IMPLICIT_RETAIN_SELF = YES;
				CLANG_WARN_OBJC_LITERAL_CONVERSION = YES;
				CLANG_WARN_OBJC_ROOT_CLASS = YES_ERROR;
				CLANG_WARN_QUOTED_INCLUDE_IN_FRAMEWORK_HEADER = YES;
				CLANG_WARN_RANGE_LOOP_ANALYSIS = YES;
				CLANG_WARN_STRICT_PROTOTYPES = YES;
				CLANG_WARN_SUSPICIOUS_MOVE = YES;
				CLANG_WARN_UNGUARDED_AVAILABILITY = YES_AGGRESSIVE;
				CLANG_WARN_UNREACHABLE_CODE = YES;
				CLANG_WARN__DUPLICATE_METHOD_MATCH = YES;
				COPY_PHASE_STRIP = NO;
				DEBUG_INFORMATION_FORMAT = dwarf;
				ENABLE_STRICT_OBJC_MSGSEND = YES;
				ENABLE_TESTABILITY = YES;
				ENABLE_USER_SCRIPT_SANDBOXING = YES;
				GCC_C_LANGUAGE_STANDARD = gnu17;
				GCC_DYNAMIC_NO_PIC = NO;
				GCC_NO_COMMON_BLOCKS = YES;
				GCC_OPTIMIZATION_LEVEL = 0;
				GCC_PREPROCESSOR_DEFINITIONS = (
					"DEBUG=1",
					"$(inherited)",
				);
				GCC_WARN_64_TO_32_BIT_CONVERSION = YES;
				GCC_WARN_ABOUT_RETURN_TYPE = YES_ERROR;
				GCC_WARN_UNDECLARED_SELECTOR = YES;
				GCC_WARN_UNINITIALIZED_AUTOS = YES_AGGRESSIVE;
				GCC_WARN_UNUSED_FUNCTION = YES;
				GCC_WARN_UNUSED_VARIABLE = YES;
				IPHONEOS_DEPLOYMENT_TARGET = 17.2;
				LOCALIZATION_PREFERS_STRING_CATALOGS = YES;
				MTL_ENABLE_DEBUG_INFO = INCLUDE_SOURCE;
				MTL_FAST_MATH = YES;
				ONLY_ACTIVE_ARCH = YES;
				SDKROOT = iphoneos;
				SWIFT_ACTIVE_COMPILATION_CONDITIONS = "DEBUG $(inherited)";
				SWIFT_OPTIMIZATION_LEVEL = "-Onone";
			};
			name = Debug;
		};
		10A900062B31CB9000CC7910 /* Release */ = {
			isa = XCBuildConfiguration;
			buildSettings = {
				ALWAYS_SEARCH_USER_PATHS = NO;
				ASSETCATALOG_COMPILER_GENERATE_SWIFT_ASSET_SYMBOL_EXTENSIONS = YES;
				CLANG_ANALYZER_NONNULL = YES;
				CLANG_ANALYZER_NUMBER_OBJECT_CONVERSION = YES_AGGRESSIVE;
				CLANG_CXX_LANGUAGE_STANDARD = "gnu++20";
				CLANG_ENABLE_MODULES = YES;
				CLANG_ENABLE_OBJC_ARC = YES;
				CLANG_ENABLE_OBJC_WEAK = YES;
				CLANG_WARN_BLOCK_CAPTURE_AUTORELEASING = YES;
				CLANG_WARN_BOOL_CONVERSION = YES;
				CLANG_WARN_COMMA = YES;
				CLANG_WARN_CONSTANT_CONVERSION = YES;
				CLANG_WARN_DEPRECATED_OBJC_IMPLEMENTATIONS = YES;
				CLANG_WARN_DIRECT_OBJC_ISA_USAGE = YES_ERROR;
				CLANG_WARN_DOCUMENTATION_COMMENTS = YES;
				CLANG_WARN_EMPTY_BODY = YES;
				CLANG_WARN_ENUM_CONVERSION = YES;
				CLANG_WARN_INFINITE_RECURSION = YES;
				CLANG_WARN_INT_CONVERSION = YES;
				CLANG_WARN_NON_LITERAL_NULL_CONVERSION = YES;
				CLANG_WARN_OBJC_IMPLICIT_RETAIN_SELF = YES;
				CLANG_WARN_OBJC_LITERAL_CONVERSION = YES;
				CLANG_WARN_OBJC_ROOT_CLASS = YES_ERROR;
				CLANG_WARN_QUOTED_INCLUDE_IN_FRAMEWORK_HEADER = YES;
				CLANG_WARN_RANGE_LOOP_ANALYSIS = YES;
				CLANG_WARN_STRICT_PROTOTYPES = YES;
				CLANG_WARN_SUSPICIOUS_MOVE = YES;
				CLANG_WARN_UNGUARDED_AVAILABILITY = YES_AGGRESSIVE;
				CLANG_WARN_UNREACHABLE_CODE = YES;
				CLANG_WARN__DUPLICATE_METHOD_MATCH = YES;
				COPY_PHASE_STRIP = NO;
				DEBUG_INFORMATION_FORMAT = "dwarf-with-dsym";
				ENABLE_NS_ASSERTIONS = NO;
				ENABLE_STRICT_OBJC_MSGSEND = YES;
				ENABLE_USER_SCRIPT_SANDBOXING = YES;
				GCC_C_LANGUAGE_STANDARD = gnu17;
				GCC_NO_COMMON_BLOCKS = YES;
				GCC_WARN_64_TO_32_BIT_CONVERSION = YES;
				GCC_WARN_ABOUT_RETURN_TYPE = YES_ERROR;
				GCC_WARN_UNDECLARED_SELECTOR = YES;
				GCC_WARN_UNINITIALIZED_AUTOS = YES_AGGRESSIVE;
				GCC_WARN_UNUSED_FUNCTION = YES;
				GCC_WARN_UNUSED_VARIABLE = YES;
				IPHONEOS_DEPLOYMENT_TARGET = 17.2;
				LOCALIZATION_PREFERS_STRING_CATALOGS = YES;
				MTL_ENABLE_DEBUG_INFO = NO;
				MTL_FAST_MATH = YES;
				SDKROOT = iphoneos;
				SWIFT_COMPILATION_MODE = wholemodule;
				VALIDATE_PRODUCT = YES;
			};
			name = Release;
		};
		10A900082B31CB9000CC7910 /* Debug */ = {
			isa = XCBuildConfiguration;
			buildSettings = {
				ASSETCATALOG_COMPILER_APPICON_NAME = AppIcon;
				ASSETCATALOG_COMPILER_GLOBAL_ACCENT_COLOR_NAME = AccentColor;
				CODE_SIGN_STYLE = Automatic;
				CURRENT_PROJECT_VERSION = 1;
				GENERATE_INFOPLIST_FILE = YES;
				INFOPLIST_FILE = FoodPin/Info.plist;
				INFOPLIST_KEY_UIApplicationSupportsIndirectInputEvents = YES;
				INFOPLIST_KEY_UILaunchStoryboardName = LaunchScreen;
				INFOPLIST_KEY_UIMainStoryboardFile = Main;
				INFOPLIST_KEY_UIStatusBarStyle = UIStatusBarStyleLightContent;
				INFOPLIST_KEY_UISupportedInterfaceOrientations_iPad = "UIInterfaceOrientationPortrait UIInterfaceOrientationPortraitUpsideDown UIInterfaceOrientationLandscapeLeft UIInterfaceOrientationLandscapeRight";
				INFOPLIST_KEY_UISupportedInterfaceOrientations_iPhone = "UIInterfaceOrientationPortrait UIInterfaceOrientationLandscapeLeft UIInterfaceOrientationLandscapeRight";
				IPHONEOS_DEPLOYMENT_TARGET = 17.2;
				LD_RUNPATH_SEARCH_PATHS = (
					"$(inherited)",
					"@executable_path/Frameworks",
				);
				MARKETING_VERSION = 1.0;
				PRODUCT_BUNDLE_IDENTIFIER = me.gul.guray.FoodPin;
				PRODUCT_NAME = "$(TARGET_NAME)";
				SWIFT_EMIT_LOC_STRINGS = YES;
				SWIFT_VERSION = 5.0;
				TARGETED_DEVICE_FAMILY = "1,2";
			};
			name = Debug;
		};
		10A900092B31CB9000CC7910 /* Release */ = {
			isa = XCBuildConfiguration;
			buildSettings = {
				ASSETCATALOG_COMPILER_APPICON_NAME = AppIcon;
				ASSETCATALOG_COMPILER_GLOBAL_ACCENT_COLOR_NAME = AccentColor;
				CODE_SIGN_STYLE = Automatic;
				CURRENT_PROJECT_VERSION = 1;
				GENERATE_INFOPLIST_FILE = YES;
				INFOPLIST_FILE = FoodPin/Info.plist;
				INFOPLIST_KEY_UIApplicationSupportsIndirectInputEvents = YES;
				INFOPLIST_KEY_UILaunchStoryboardName = LaunchScreen;
				INFOPLIST_KEY_UIMainStoryboardFile = Main;
				INFOPLIST_KEY_UIStatusBarStyle = UIStatusBarStyleLightContent;
				INFOPLIST_KEY_UISupportedInterfaceOrientations_iPad = "UIInterfaceOrientationPortrait UIInterfaceOrientationPortraitUpsideDown UIInterfaceOrientationLandscapeLeft UIInterfaceOrientationLandscapeRight";
				INFOPLIST_KEY_UISupportedInterfaceOrientations_iPhone = "UIInterfaceOrientationPortrait UIInterfaceOrientationLandscapeLeft UIInterfaceOrientationLandscapeRight";
				IPHONEOS_DEPLOYMENT_TARGET = 17.2;
				LD_RUNPATH_SEARCH_PATHS = (
					"$(inherited)",
					"@executable_path/Frameworks",
				);
				MARKETING_VERSION = 1.0;
				PRODUCT_BUNDLE_IDENTIFIER = me.gul.guray.FoodPin;
				PRODUCT_NAME = "$(TARGET_NAME)";
				SWIFT_EMIT_LOC_STRINGS = YES;
				SWIFT_VERSION = 5.0;
				TARGETED_DEVICE_FAMILY = "1,2";
			};
			name = Release;
		};
/* End XCBuildConfiguration section */

/* Begin XCConfigurationList section */
		10A900072B31CB9000CC7910 /* Build configuration list for PBXNativeTarget "FoodPin" */ = {
			isa = XCConfigurationList;
			buildConfigurations = (
				10A900082B31CB9000CC7910 /* Debug */,
				10A900092B31CB9000CC7910 /* Release */,
			);
			defaultConfigurationIsVisible = 0;
			defaultConfigurationName = Release;
		};
		10A9FFEE2B31CB8F00CC7910 /* Build configuration list for PBXProject "FoodPin" */ = {
			isa = XCConfigurationList;
			buildConfigurations = (
				10A900052B31CB9000CC7910 /* Debug */,
				10A900062B31CB9000CC7910 /* Release */,
			);
			defaultConfigurationIsVisible = 0;
			defaultConfigurationName = Release;
		};
/* End XCConfigurationList section */
	};
	rootObject = 10A9FFEB2B31CB8F00CC7910 /* Project object */;
}
